# THIS IS AN AUTOGENERATED FILE. DO NOT EDIT THIS FILE DIRECTLY.
# yarn lockfile v1


"@types/cross-spawn@^6.0.2":
  "integrity" "sha512-KuwNhp3eza+Rhu8IFI5HUXRP0LIhqH5cAjubUvGXXthh4YYBuP2ntwEX+Cz8GJoZUHlKo247wPWOfA9LYEq4cw=="
  "resolved" "https://registry.npmjs.org/@types/cross-spawn/-/cross-spawn-6.0.2.tgz"
  "version" "6.0.2"
  dependencies:
    "@types/node" "*"

"@types/fs-extra@^9.0.13":
  "integrity" "sha512-nEnwB++1u5lVDM2UI4c1+5R+FYaKfaAzS4OococimjVm3nQw3TuzH5UNsocrcTBbhnerblyHj4A49qXbIiZdpA=="
  "resolved" "https://registry.npmjs.org/@types/fs-extra/-/fs-extra-9.0.13.tgz"
  "version" "9.0.13"
  dependencies:
    "@types/node" "*"

"@types/node@*", "@types/node@^18.0.3":
  "integrity" "sha512-HzNRZtp4eepNitP+BD6k2L6DROIDG4Q0fm4x+dwfsr6LGmROENnok75VGw40628xf+iR24WeMFcHuuBDUAzzsQ=="
  "resolved" "https://registry.npmjs.org/@types/node/-/node-18.0.3.tgz"
  "version" "18.0.3"

"@types/nunjucks@^3.2.1":
  "integrity" "sha512-hUh5HIC7peH+0MvlYU5KM2RydWxG1mBceivHsQGwlelU9zlczLICyJmjMwgjkI3m0+N50n46GVHkw35lIim6LQ=="
  "resolved" "https://registry.npmjs.org/@types/nunjucks/-/nunjucks-3.2.1.tgz"
  "version" "3.2.1"

"@types/validate-npm-package-name@^4.0.0":
  "integrity" "sha512-RpO62vB2lkjEkyLbwTheA2+uwYmtVMWTr/kWRI++UAgVdZqNqdAuIQl/SxBCGeMKfdjWaXPbyhZbiCc4PAj+KA=="
  "resolved" "https://registry.npmjs.org/@types/validate-npm-package-name/-/validate-npm-package-name-4.0.0.tgz"
  "version" "4.0.0"

"@vercel/ncc@^0.34.0":
  "integrity" "sha512-G9h5ZLBJ/V57Ou9vz5hI8pda/YQX5HQszCs3AmIus3XzsmRn/0Ptic5otD3xVST8QLKk7AMk7AqpsyQGN7MZ9A=="
  "resolved" "https://registry.npmjs.org/@vercel/ncc/-/ncc-0.34.0.tgz"
  "version" "0.34.0"

"a-sync-waterfall@^1.0.0":
  "integrity" "sha512-RYTOHHdWipFUliRFMCS4X2Yn2X8M87V/OpSqWzKKOGhzqyUxzyVmhHDH9sAvG+ZuQf/TAOFsLCpMw09I1ufUnA=="
  "resolved" "https://registry.npmjs.org/a-sync-waterfall/-/a-sync-waterfall-1.0.1.tgz"
  "version" "1.0.1"

"abort-controller@^3.0.0":
  "integrity" "sha512-h8lQ8tacZYnR3vNQTgibj+tODHI5/+l06Au2Pcriv/Gmet0eaj4TwWH41sO9wnHDiQsEj19q0drzdWdeAHtweg=="
  "resolved" "https://registry.npmjs.org/abort-controller/-/abort-controller-3.0.0.tgz"
  "version" "3.0.0"
  dependencies:
    "event-target-shim" "^5.0.0"

"ansi-regex@^5.0.1":
  "integrity" "sha512-quJQXlTSUGL2LH9SUXo8VwsY4soanhgo6LNSm84E1LBcE8s3O0wpdiRzyR9z/ZZJMlMWv37qOOb9pdJlMUEKFQ=="
  "resolved" "https://registry.npmjs.org/ansi-regex/-/ansi-regex-5.0.1.tgz"
  "version" "5.0.1"

"ansi-styles@^4.0.0":
  "integrity" "sha512-zbB9rCJAT1rbjiVDb2hqKFHNYLxgtk8NURxZ3IZwD3F6NtxbXZQCnnSi1Lkx+IDohdPlFp222wVALIheZJQSEg=="
  "resolved" "https://registry.npmjs.org/ansi-styles/-/ansi-styles-4.3.0.tgz"
  "version" "4.3.0"
  dependencies:
    "color-convert" "^2.0.1"

"asap@^2.0.3":
  "integrity" "sha512-BSHWgDSAiKs50o2Re8ppvp3seVHXSRM44cdSsT9FfNEUUZLOGWVCsiWaRPWM1Znn+mqZ1OfVZ3z3DWEzSp7hRA=="
  "resolved" "https://registry.npmjs.org/asap/-/asap-2.0.6.tgz"
  "version" "2.0.6"

"asynckit@^0.4.0":
  "integrity" "sha512-Oei9OH4tRh0YqU3GxhX79dM/mwVgvbZJaSNaRk+bshkj0S5cfHcgYakreBjrHwatXKbz+IoIdYLxrKim2MjW0Q=="
  "resolved" "https://registry.npmjs.org/asynckit/-/asynckit-0.4.0.tgz"
  "version" "0.4.0"

"axios@^0.27.2":
  "integrity" "sha512-t+yRIyySRTp/wua5xEr+z1q60QmLq8ABsS5O9Me1AsE5dfKqgnCFzwiCZZ/cGNd1lq4/7akDWMxdhVlucjmnOQ=="
  "resolved" "https://registry.npmjs.org/axios/-/axios-0.27.2.tgz"
  "version" "0.27.2"
  dependencies:
    "follow-redirects" "^1.14.9"
    "form-data" "^4.0.0"

"balanced-match@^1.0.0":
  "integrity" "sha512-3oSeUO0TMV67hN1AmbXsK4yaqU7tjiHlbxRDZOpH0KW9+CeX4bRAaX0Anxt0tx2MrpRpWwQaPwIlISEJhYU5Pw=="
  "resolved" "https://registry.npmjs.org/balanced-match/-/balanced-match-1.0.2.tgz"
  "version" "1.0.2"

"brace-expansion@^1.1.7":
  "integrity" "sha512-iCuPHDFgrHX7H2vEI/5xpz07zSHB00TpugqhmYtVmMO6518mCuRMoOYFldEBl0g187ufozdaHgWKcYFb61qGiA=="
  "resolved" "https://registry.npmjs.org/brace-expansion/-/brace-expansion-1.1.11.tgz"
  "version" "1.1.11"
  dependencies:
    "balanced-match" "^1.0.0"
    "concat-map" "0.0.1"

"builtins@^5.0.0":
  "integrity" "sha512-qwVpFEHNfhYJIzNRBvd2C1kyo6jz3ZSMPyyuR47OPdiKWlbYnZNyDWuyR175qDnAJLiCo5fBBqPb3RiXgWlkOQ=="
  "resolved" "https://registry.npmjs.org/builtins/-/builtins-5.0.1.tgz"
  "version" "5.0.1"
  dependencies:
    "semver" "^7.0.0"

"chalk@^5.0.1":
  "integrity" "sha512-Fo07WOYGqMfCWHOzSXOt2CxDbC6skS/jO9ynEcmpANMoPrD+W1r1K6Vx7iNm+AQmETU1Xr2t+n8nzkV9t6xh3w=="
  "resolved" "https://registry.npmjs.org/chalk/-/chalk-5.0.1.tgz"
  "version" "5.0.1"

"cliui@^7.0.2":
  "integrity" "sha512-OcRE68cOsVMXp1Yvonl/fzkQOyjLSu/8bhPDfQt0e0/Eb283TKP20Fs2MqoPsr9SwA595rRCA+QMzYc9nBP+JQ=="
  "resolved" "https://registry.npmjs.org/cliui/-/cliui-7.0.4.tgz"
  "version" "7.0.4"
  dependencies:
    "string-width" "^4.2.0"
    "strip-ansi" "^6.0.0"
    "wrap-ansi" "^7.0.0"

"color-convert@^2.0.1":
  "integrity" "sha512-RRECPsj7iu/xb5oKYcsFHSppFNnsj/52OVTRKb4zP5onXwVF3zVmmToNcOfGC+CRDpfK/U584fMg38ZHCaElKQ=="
  "resolved" "https://registry.npmjs.org/color-convert/-/color-convert-2.0.1.tgz"
  "version" "2.0.1"
  dependencies:
    "color-name" "~1.1.4"

"color-name@~1.1.4":
  "integrity" "sha512-dOy+3AuW3a2wNbZHIuMZpTcgjGuLU/uBL/ubcZF9OXbDo8ff4O8yVp5Bf0efS8uEoYo5q4Fx7dY9OgQGXgAsQA=="
  "resolved" "https://registry.npmjs.org/color-name/-/color-name-1.1.4.tgz"
  "version" "1.1.4"

"combined-stream@^1.0.8":
  "integrity" "sha512-FQN4MRfuJeHf7cBbBMJFXhKSDq+2kAArBlmRBvcvFE5BB1HZKXtSFASDhdlz9zOYwxh8lDdnvmMOe/+5cdoEdg=="
  "resolved" "https://registry.npmjs.org/combined-stream/-/combined-stream-1.0.8.tgz"
  "version" "1.0.8"
  dependencies:
    "delayed-stream" "~1.0.0"

"commander@^5.1.0":
  "integrity" "sha512-P0CysNDQ7rtVw4QIQtm+MRxV66vKFSvlsQvGYXZWR3qFU0jlMKHZZZgw8e+8DSah4UDKMqnknRDQz+xuQXQ/Zg=="
  "resolved" "https://registry.npmjs.org/commander/-/commander-5.1.0.tgz"
  "version" "5.1.0"

"commander@^9.3.0":
  "integrity" "sha512-hv95iU5uXPbK83mjrJKuZyFM/LBAoCV/XhVGkS5Je6tl7sxr6A0ITMw5WoRV46/UaJ46Nllm3Xt7IaJhXTIkzw=="
  "resolved" "https://registry.npmjs.org/commander/-/commander-9.3.0.tgz"
  "version" "9.3.0"

"concat-map@0.0.1":
  "integrity" "sha512-/Srv4dswyQNBfohGpz9o6Yb3Gz3SrUDqBH5rTuhGR7ahtlbYKnVxw2bCFMRljaA7EXHaXZ8wsHdodFvbkhKmqg=="
  "resolved" "https://registry.npmjs.org/concat-map/-/concat-map-0.0.1.tgz"
  "version" "0.0.1"

"copyfiles@^2.4.1":
  "integrity" "sha512-fereAvAvxDrQDOXybk3Qu3dPbOoKoysFMWtkY3mv5BsL8//OSZVL5DCLYqgRfY5cWirgRzlC+WSrxp6Bo3eNZg=="
  "resolved" "https://registry.npmjs.org/copyfiles/-/copyfiles-2.4.1.tgz"
  "version" "2.4.1"
  dependencies:
    "glob" "^7.0.5"
    "minimatch" "^3.0.3"
    "mkdirp" "^1.0.4"
    "noms" "0.0.0"
    "through2" "^2.0.1"
    "untildify" "^4.0.0"
    "yargs" "^16.1.0"

"core-util-is@~1.0.0":
  "integrity" "sha512-ZQBvi1DcpJ4GDqanjucZ2Hj3wEO5pZDS89BWbkcrvdxksJorwUDDZamX9ldFkp9aw2lmBDLgkObEA4DWNJ9FYQ=="
  "resolved" "https://registry.npmjs.org/core-util-is/-/core-util-is-1.0.3.tgz"
  "version" "1.0.3"

"cross-spawn@^7.0.3":
  "integrity" "sha512-iRDPJKUPVEND7dHPO8rkbOnPpyDygcDFtWjpeWNCgy8WP2rXcxXL8TskReQl6OrB2G7+UJrags1q15Fudc7G6w=="
  "resolved" "https://registry.npmjs.org/cross-spawn/-/cross-spawn-7.0.3.tgz"
  "version" "7.0.3"
  dependencies:
    "path-key" "^3.1.0"
    "shebang-command" "^2.0.0"
    "which" "^2.0.1"

"delayed-stream@~1.0.0":
  "integrity" "sha512-ZySD7Nf91aLB0RxL4KGrKHBXl7Eds1DAmEdcoVawXnLD7SDhpNgtuII2aAkg7a7QS41jxPSZ17p4VdGnMHk3MQ=="
  "resolved" "https://registry.npmjs.org/delayed-stream/-/delayed-stream-1.0.0.tgz"
  "version" "1.0.0"

"emoji-regex@^8.0.0":
  "integrity" "sha512-MSjYzcWNOA0ewAHpz0MxpYFvwg6yjy1NG3xteoqz644VCo/RPgnr1/GGt+ic3iJTzQ8Eu3TdM14SawnVUmGE6A=="
  "resolved" "https://registry.npmjs.org/emoji-regex/-/emoji-regex-8.0.0.tgz"
  "version" "8.0.0"

"escalade@^3.1.1":
  "integrity" "sha512-k0er2gUkLf8O0zKJiAhmkTnJlTvINGv7ygDNPbeIsX/TJjGJZHuh9B2UxbsaEkmlEo9MfhrSzmhIlhRlI2GXnw=="
  "resolved" "https://registry.npmjs.org/escalade/-/escalade-3.1.1.tgz"
  "version" "3.1.1"

"event-target-shim@^5.0.0":
  "integrity" "sha512-i/2XbnSz/uxRCU6+NdVJgKWDTM427+MqYbkQzD321DuCQJUqOuJKIA0IM2+W2xtYHdKOmZ4dR6fExsd4SXL+WQ=="
  "resolved" "https://registry.npmjs.org/event-target-shim/-/event-target-shim-5.0.1.tgz"
  "version" "5.0.1"

"follow-redirects@^1.14.9":
  "integrity" "sha512-yLAMQs+k0b2m7cVxpS1VKJVvoz7SS9Td1zss3XRwXj+ZDH00RJgnuLx7E44wx02kQLrdM3aOOy+FpzS7+8OizA=="
  "resolved" "https://registry.npmjs.org/follow-redirects/-/follow-redirects-1.15.1.tgz"
  "version" "1.15.1"

"form-data@^4.0.0":
  "integrity" "sha512-ETEklSGi5t0QMZuiXoA/Q6vcnxcLQP5vdugSpuAyi6SVGi2clPPp+xgEhuMaHC+zGgn31Kd235W35f7Hykkaww=="
  "resolved" "https://registry.npmjs.org/form-data/-/form-data-4.0.0.tgz"
  "version" "4.0.0"
  dependencies:
    "asynckit" "^0.4.0"
    "combined-stream" "^1.0.8"
    "mime-types" "^2.1.12"

"fs-extra@^10.1.0":
  "integrity" "sha512-oRXApq54ETRj4eMiFzGnHWGy+zo5raudjuxN0b8H7s/RU2oW0Wvsx9O0ACRN/kRq9E8Vu/ReskGB5o3ji+FzHQ=="
  "resolved" "https://registry.npmjs.org/fs-extra/-/fs-extra-10.1.0.tgz"
  "version" "10.1.0"
  dependencies:
    "graceful-fs" "^4.2.0"
    "jsonfile" "^6.0.1"
    "universalify" "^2.0.0"

"fs.realpath@^1.0.0":
  "integrity" "sha512-OO0pH2lK6a0hZnAdau5ItzHPI6pUlvI7jMVnxUQRtw4owF2wk8lOSabtGDCTP4Ggrg2MbGnWO9X8K1t4+fGMDw=="
  "resolved" "https://registry.npmjs.org/fs.realpath/-/fs.realpath-1.0.0.tgz"
  "version" "1.0.0"

"fs@^0.0.1-security":
  "integrity" "sha512-3XY9e1pP0CVEUCdj5BmfIZxRBTSDycnbqhIOGec9QYtmVH2fbLpj86CFWkrNOkt/Fvty4KZG5lTglL9j/gJ87w=="
  "resolved" "https://registry.npmjs.org/fs/-/fs-0.0.1-security.tgz"
  "version" "0.0.1-security"

"get-caller-file@^2.0.5":
  "integrity" "sha512-DyFP3BM/3YHTQOCUL/w0OZHR0lpKeGrxotcHWcqNEdnltqFwXVfhEBQ94eIo34AfQpo0rGki4cyIiftY06h2Fg=="
  "resolved" "https://registry.npmjs.org/get-caller-file/-/get-caller-file-2.0.5.tgz"
  "version" "2.0.5"

"glob@^7.0.5":
  "integrity" "sha512-nFR0zLpU2YCaRxwoCJvL6UvCH2JFyFVIvwTLsIf21AuHlMskA1hhTdk+LlYJtOlYt9v6dvszD2BGRqBL+iQK9Q=="
  "resolved" "https://registry.npmjs.org/glob/-/glob-7.2.3.tgz"
  "version" "7.2.3"
  dependencies:
    "fs.realpath" "^1.0.0"
    "inflight" "^1.0.4"
    "inherits" "2"
    "minimatch" "^3.1.1"
    "once" "^1.3.0"
    "path-is-absolute" "^1.0.0"

"graceful-fs@^4.1.6", "graceful-fs@^4.2.0":
  "integrity" "sha512-9ByhssR2fPVsNZj478qUUbKfmL0+t5BDVyjShtyZZLiK7ZDAArFFfopyOTj0M05wE2tJPisA4iTnnXl2YoPvOA=="
  "resolved" "https://registry.npmjs.org/graceful-fs/-/graceful-fs-4.2.10.tgz"
  "version" "4.2.10"

"inflight@^1.0.4":
  "integrity" "sha512-k92I/b08q4wvFscXCLvqfsHCrjrF7yiXsQuIVvVE7N82W3+aqpzuUdBbfhWcy/FZR3/4IgflMgKLOsvPDrGCJA=="
  "resolved" "https://registry.npmjs.org/inflight/-/inflight-1.0.6.tgz"
  "version" "1.0.6"
  dependencies:
    "once" "^1.3.0"
    "wrappy" "1"

"inherits@^2.0.1", "inherits@~2.0.1", "inherits@~2.0.3", "inherits@2", "inherits@2.0.3":
  "integrity" "sha512-x00IRNXNy63jwGkJmzPigoySHbaqpNuzKbBOmzK+g2OdZpQ9w+sxCN+VSB3ja7IAge2OP2qpfxTjeNcyjmW1uw=="
  "resolved" "https://registry.npmjs.org/inherits/-/inherits-2.0.3.tgz"
  "version" "2.0.3"

"ip-regex@^4.1.0":
  "integrity" "sha512-B9ZWJxHHOHUhUjCPrMpLD4xEq35bUTClHM1S6CBU5ixQnkZmwipwgc96vAd7AAGM9TGHvJR+Uss+/Ak6UphK+Q=="
  "resolved" "https://registry.npmjs.org/ip-regex/-/ip-regex-4.3.0.tgz"
  "version" "4.3.0"

"is-fullwidth-code-point@^3.0.0":
  "integrity" "sha512-zymm5+u+sCsSWyD9qNaejV3DFvhCKclKdizYaJUuHA83RLjb7nSuGnddCHGv0hk+KY7BMAlsWeK4Ueg6EV6XQg=="
  "resolved" "https://registry.npmjs.org/is-fullwidth-code-point/-/is-fullwidth-code-point-3.0.0.tgz"
  "version" "3.0.0"

"is-url-superb@^3.0.0":
  "integrity" "sha512-3faQP+wHCGDQT1qReM5zCPx2mxoal6DzbzquFlCYJLWyy4WPTved33ea2xFbX37z4NoriEwZGIYhFtx8RUB5wQ=="
  "resolved" "https://registry.npmjs.org/is-url-superb/-/is-url-superb-3.0.0.tgz"
  "version" "3.0.0"
  dependencies:
    "url-regex" "^5.0.0"

"isarray@~1.0.0":
  "integrity" "sha512-VLghIWNM6ELQzo7zwmcg0NmTVyWKYjvIeM83yjp0wRDTmUnrM678fQbcKBo6n2CJEF0szoG//ytg+TKla89ALQ=="
  "resolved" "https://registry.npmjs.org/isarray/-/isarray-1.0.0.tgz"
  "version" "1.0.0"

"isarray@0.0.1":
  "integrity" "sha512-D2S+3GLxWH+uhrNEcoh/fnmYeP8E8/zHl644d/jdA0g2uyXvy3sb0qxotE+ne0LtccHknQzWwZEzhak7oJ0COQ=="
  "resolved" "https://registry.npmjs.org/isarray/-/isarray-0.0.1.tgz"
  "version" "0.0.1"

"isexe@^2.0.0":
  "integrity" "sha512-RHxMLp9lnKHGHRng9QFhRCMbYAcVpn69smSGcq3f36xjgVVWThj4qqLbTLlq7Ssj8B+fIQ1EuCEGI2lKsyQeIw=="
  "resolved" "https://registry.npmjs.org/isexe/-/isexe-2.0.0.tgz"
  "version" "2.0.0"

"jsonfile@^6.0.1":
  "integrity" "sha512-5dgndWOriYSm5cnYaJNhalLNDKOqFwyDB/rr1E9ZsGciGvKPs8R2xYGCacuf3z6K1YKDz182fd+fY3cn3pMqXQ=="
  "resolved" "https://registry.npmjs.org/jsonfile/-/jsonfile-6.1.0.tgz"
  "version" "6.1.0"
  dependencies:
    "universalify" "^2.0.0"
  optionalDependencies:
    "graceful-fs" "^4.1.6"

"ky-universal@^0.5.0":
  "integrity" "sha512-O+0wjCua5i45lYBZrBy8TyRDRVodtsmzVC/MlE5FN7ZMFu/Icz7ekbZ85sdFw0F/JwGhXZTaKjXq9IgUGwGedQ=="
  "resolved" "https://registry.npmjs.org/ky-universal/-/ky-universal-0.5.0.tgz"
  "version" "0.5.0"
  dependencies:
    "abort-controller" "^3.0.0"
    "node-fetch" "^2.6.0"

"ky@^0.19.0", "ky@>=0.17.0":
  "integrity" "sha512-ZwciYrfaWpDI72U2HAruuGYGFW3PCfGNdWWSANGGssg9BGm4rRJ9s/sApiiRpj+8Y245/hlZW9c60zudLr6iwA=="
  "resolved" "https://registry.npmjs.org/ky/-/ky-0.19.1.tgz"
  "version" "0.19.1"

"lru-cache@^6.0.0":
  "integrity" "sha512-Jo6dJ04CmSjuznwJSS3pUeWmd/H0ffTlkXXgwZi+eq1UCmqQwCh+eLsYOYCwY991i2Fah4h1BEMCx4qThGbsiA=="
  "resolved" "https://registry.npmjs.org/lru-cache/-/lru-cache-6.0.0.tgz"
  "version" "6.0.0"
  dependencies:
    "yallist" "^4.0.0"

"mime-db@1.52.0":
  "integrity" "sha512-sPU4uV7dYlvtWJxwwxHD0PuihVNiE7TyAbQ5SWxDCB9mUYvOgroQOwYQQOKPJ8CIbE+1ETVlOoK1UC2nU3gYvg=="
  "resolved" "https://registry.npmjs.org/mime-db/-/mime-db-1.52.0.tgz"
  "version" "1.52.0"

"mime-types@^2.1.12":
  "integrity" "sha512-ZDY+bPm5zTTF+YpCrAU9nK0UgICYPT0QtT1NZWFv4s++TNkcgVaT0g6+4R2uI4MjQjzysHB1zxuWL50hzaeXiw=="
  "resolved" "https://registry.npmjs.org/mime-types/-/mime-types-2.1.35.tgz"
  "version" "2.1.35"
  dependencies:
    "mime-db" "1.52.0"

"minimatch@^3.0.3", "minimatch@^3.1.1":
  "integrity" "sha512-J7p63hRiAjw1NDEww1W7i37+ByIrOWO5XQQAzZ3VOcL0PNybwpfmV/N05zFAzwQ9USyEcX6t3UO+K5aqBQOIHw=="
  "resolved" "https://registry.npmjs.org/minimatch/-/minimatch-3.1.2.tgz"
  "version" "3.1.2"
  dependencies:
    "brace-expansion" "^1.1.7"

"mkdirp@^1.0.4":
  "integrity" "sha512-vVqVZQyf3WLx2Shd0qJ9xuvqgAyKPLAiqITEtqW0oIUjzo3PePDd6fW9iFz30ef7Ysp/oiWqbhszeGWW2T6Gzw=="
  "resolved" "https://registry.npmjs.org/mkdirp/-/mkdirp-1.0.4.tgz"
  "version" "1.0.4"

"node-fetch@^2.6.0":
  "integrity" "sha512-ZjMPFEfVx5j+y2yF35Kzx5sF7kDzxuDj6ziH4FFbOp87zKDZNx8yExJIb05OGF4Nlt9IHFIMBkRl41VdvcNdbQ=="
  "resolved" "https://registry.npmjs.org/node-fetch/-/node-fetch-2.6.7.tgz"
  "version" "2.6.7"
  dependencies:
    "whatwg-url" "^5.0.0"

"noms@0.0.0":
  "integrity" "sha512-lNDU9VJaOPxUmXcLb+HQFeUgQQPtMI24Gt6hgfuMHRJgMRHMF/qZ4HJD3GDru4sSw9IQl2jPjAYnQrdIeLbwow=="
  "resolved" "https://registry.npmjs.org/noms/-/noms-0.0.0.tgz"
  "version" "0.0.0"
  dependencies:
    "inherits" "^2.0.1"
    "readable-stream" "~1.0.31"

"nunjucks@^3.2.3":
  "integrity" "sha512-psb6xjLj47+fE76JdZwskvwG4MYsQKXUtMsPh6U0YMvmyjRtKRFcxnlXGWglNybtNTNVmGdp94K62/+NjF5FDQ=="
  "resolved" "https://registry.npmjs.org/nunjucks/-/nunjucks-3.2.3.tgz"
  "version" "3.2.3"
  dependencies:
    "a-sync-waterfall" "^1.0.0"
    "asap" "^2.0.3"
    "commander" "^5.1.0"

"once@^1.3.0":
  "integrity" "sha512-lNaJgI+2Q5URQBkccEKHTQOPaXdUxnZZElQTZY0MFUAuaEqe1E+Nyvgdz/aIyNi6Z9MzO5dv1H8n58/GELp3+w=="
  "resolved" "https://registry.npmjs.org/once/-/once-1.4.0.tgz"
  "version" "1.4.0"
  dependencies:
    "wrappy" "1"

"path-is-absolute@^1.0.0":
  "integrity" "sha512-AVbw3UJ2e9bq64vSaS9Am0fje1Pa8pbGqTTsmXfaIiMpnr5DlDhfJOuLj9Sf95ZPVDAUerDfEk88MPmPe7UCQg=="
  "resolved" "https://registry.npmjs.org/path-is-absolute/-/path-is-absolute-1.0.1.tgz"
  "version" "1.0.1"

"path-key@^3.1.0":
  "integrity" "sha512-ojmeN0qd+y0jszEtoY48r0Peq5dwMEkIlCOu6Q5f41lfkswXuKtYrhgoTpLnyIcHm24Uhqx+5Tqm2InSwLhE6Q=="
  "resolved" "https://registry.npmjs.org/path-key/-/path-key-3.1.1.tgz"
  "version" "3.1.1"

"path@^0.12.7":
  "integrity" "sha512-aXXC6s+1w7otVF9UletFkFcDsJeO7lSZBPUQhtb5O0xJe8LtYhj/GxldoL09bBj9+ZmE2hNoHqQSFMN5fikh4Q=="
  "resolved" "https://registry.npmjs.org/path/-/path-0.12.7.tgz"
  "version" "0.12.7"
  dependencies:
    "process" "^0.11.1"
    "util" "^0.10.3"

"process-nextick-args@~2.0.0":
  "integrity" "sha512-3ouUOpQhtgrbOa17J7+uxOTpITYWaGP7/AhoR3+A+/1e9skrzelGi/dXzEYyvbxubEF6Wn2ypscTKiKJFFn1ag=="
  "resolved" "https://registry.npmjs.org/process-nextick-args/-/process-nextick-args-2.0.1.tgz"
  "version" "2.0.1"

"process@^0.11.1":
  "integrity" "sha512-cdGef/drWFoydD1JsMzuFf8100nZl+GT+yacc2bEced5f9Rjk4z+WtFUTBu9PhOi9j/jfmBPu0mMEY4wIdAF8A=="
  "resolved" "https://registry.npmjs.org/process/-/process-0.11.10.tgz"
  "version" "0.11.10"

"readable-stream@~1.0.31":
  "integrity" "sha512-ok1qVCJuRkNmvebYikljxJA/UEsKwLl2nI1OmaqAu4/UE+h0wKCHok4XkL/gvi39OacXvw59RJUOFUkDib2rHg=="
  "resolved" "https://registry.npmjs.org/readable-stream/-/readable-stream-1.0.34.tgz"
  "version" "1.0.34"
  dependencies:
    "core-util-is" "~1.0.0"
    "inherits" "~2.0.1"
    "isarray" "0.0.1"
    "string_decoder" "~0.10.x"

"readable-stream@~2.3.6":
  "integrity" "sha512-Ebho8K4jIbHAxnuxi7o42OrZgF/ZTNcsZj6nRKyUmkhLFq8CHItp/fy6hQZuZmP/n3yZ9VBUbp4zz/mX8hmYPw=="
  "resolved" "https://registry.npmjs.org/readable-stream/-/readable-stream-2.3.7.tgz"
  "version" "2.3.7"
  dependencies:
    "core-util-is" "~1.0.0"
    "inherits" "~2.0.3"
    "isarray" "~1.0.0"
    "process-nextick-args" "~2.0.0"
    "safe-buffer" "~5.1.1"
    "string_decoder" "~1.1.1"
    "util-deprecate" "~1.0.1"

"require-directory@^2.1.1":
  "integrity" "sha512-fGxEI7+wsG9xrvdjsrlmL22OMTTiHRwAMroiEeMgq8gzoLC/PQr7RsRDSTLUg/bZAZtF+TVIkHc6/4RIKrui+Q=="
  "resolved" "https://registry.npmjs.org/require-directory/-/require-directory-2.1.1.tgz"
  "version" "2.1.1"

"safe-buffer@~5.1.0", "safe-buffer@~5.1.1":
  "integrity" "sha512-Gd2UZBJDkXlY7GbJxfsE8/nvKkUEU1G38c1siN6QP6a9PT9MmHB8GnpscSmMJSoF8LOIrt8ud/wPtojys4G6+g=="
  "resolved" "https://registry.npmjs.org/safe-buffer/-/safe-buffer-5.1.2.tgz"
  "version" "5.1.2"

"semver@^7.0.0":
  "integrity" "sha512-QlYTucUYOews+WeEujDoEGziz4K6c47V/Bd+LjSSYcA94p+DmINdf7ncaUinThfvZyu13lN9OY1XDxt8C0Tw0g=="
  "resolved" "https://registry.npmjs.org/semver/-/semver-7.3.7.tgz"
  "version" "7.3.7"
  dependencies:
    "lru-cache" "^6.0.0"

"shebang-command@^2.0.0":
  "integrity" "sha512-kHxr2zZpYtdmrN1qDjrrX/Z1rR1kG8Dx+gkpK1G4eXmvXswmcE1hTWBWYUzlraYw1/yZp6YuDY77YtvbN0dmDA=="
  "resolved" "https://registry.npmjs.org/shebang-command/-/shebang-command-2.0.0.tgz"
  "version" "2.0.0"
  dependencies:
    "shebang-regex" "^3.0.0"

"shebang-regex@^3.0.0":
  "integrity" "sha512-7++dFhtcx3353uBaq8DDR4NuxBetBzC7ZQOhmTQInHEd6bSrXdiEyzCvG07Z44UYdLShWUyXt5M/yhz8ekcb1A=="
  "resolved" "https://registry.npmjs.org/shebang-regex/-/shebang-regex-3.0.0.tgz"
  "version" "3.0.0"

"string_decoder@~0.10.x":
  "integrity" "sha512-ev2QzSzWPYmy9GuqfIVildA4OdcGLeFZQrq5ys6RtiuF+RQQiZWr8TZNyAcuVXyQRYfEO+MsoB/1BuQVhOJuoQ=="
  "resolved" "https://registry.npmjs.org/string_decoder/-/string_decoder-0.10.31.tgz"
  "version" "0.10.31"

"string_decoder@~1.1.1":
  "integrity" "sha512-n/ShnvDi6FHbbVfviro+WojiFzv+s8MPMHBczVePfUpDJLwoLT0ht1l4YwBCbi8pJAveEEdnkHyPyTP/mzRfwg=="
  "resolved" "https://registry.npmjs.org/string_decoder/-/string_decoder-1.1.1.tgz"
  "version" "1.1.1"
  dependencies:
    "safe-buffer" "~5.1.0"

"string-width@^4.1.0", "string-width@^4.2.0":
  "integrity" "sha512-wKyQRQpjJ0sIp62ErSZdGsjMJWsap5oRNihHhu6G7JVO/9jIB6UyevL+tXuOqrng8j/cxKTWyWUwvSTriiZz/g=="
  "resolved" "https://registry.npmjs.org/string-width/-/string-width-4.2.3.tgz"
  "version" "4.2.3"
  dependencies:
    "emoji-regex" "^8.0.0"
    "is-fullwidth-code-point" "^3.0.0"
    "strip-ansi" "^6.0.1"

"strip-ansi@^6.0.0", "strip-ansi@^6.0.1":
  "integrity" "sha512-Y38VPSHcqkFrCpFnQ9vuSXmquuv5oXOKpGeT6aGrr3o3Gc9AlVa6JBfUSOCnbxGGZF+/0ooI7KrPuUSztUdU5A=="
  "resolved" "https://registry.npmjs.org/strip-ansi/-/strip-ansi-6.0.1.tgz"
  "version" "6.0.1"
  dependencies:
    "ansi-regex" "^5.0.1"

"through2@^2.0.1":
  "integrity" "sha512-/mrRod8xqpA+IHSLyGCQ2s8SPHiCDEeQJSep1jqLYeEUClOFG2Qsh+4FU6G9VeqpZnGW/Su8LQGc4YKni5rYSQ=="
  "resolved" "https://registry.npmjs.org/through2/-/through2-2.0.5.tgz"
  "version" "2.0.5"
  dependencies:
    "readable-stream" "~2.3.6"
    "xtend" "~4.0.1"

"tlds@^1.203.0":
  "integrity" "sha512-L7UQwueHSkGxZHQBXHVmXW64oi+uqNtzFt2x6Ssk7NVnpIbw16CRs4eb/jmKOZ9t2JnqZ/b3Cfvo97lnXqKrhw=="
  "resolved" "https://registry.npmjs.org/tlds/-/tlds-1.231.0.tgz"
  "version" "1.231.0"

"tr46@~0.0.3":
  "integrity" "sha512-N3WMsuqV66lT30CrXNbEjx4GEwlow3v6rr4mCcv6prnfwhS01rkgyFdjPNBYd9br7LpXV1+Emh01fHnq2Gdgrw=="
  "resolved" "https://registry.npmjs.org/tr46/-/tr46-0.0.3.tgz"
  "version" "0.0.3"

"typescript@^4.7.4":
  "integrity" "sha512-C0WQT0gezHuw6AdY1M2jxUO83Rjf0HP7Sk1DtXj6j1EwkQNZrHAg2XPWlq62oqEhYvONq5pkC2Y9oPljWToLmQ=="
  "resolved" "https://registry.npmjs.org/typescript/-/typescript-4.7.4.tgz"
  "version" "4.7.4"

"universalify@^2.0.0":
  "integrity" "sha512-hAZsKq7Yy11Zu1DE0OzWjw7nnLZmJZYTDZZyEFHZdUhV8FkH5MCfoU1XMaxXovpyW5nq5scPqq0ZDP9Zyl04oQ=="
  "resolved" "https://registry.npmjs.org/universalify/-/universalify-2.0.0.tgz"
  "version" "2.0.0"

"untildify@^4.0.0":
  "integrity" "sha512-KK8xQ1mkzZeg9inewmFVDNkg3l5LUhoq9kN6iWYB/CC9YMG8HA+c1Q8HwDe6dEX7kErrEVNVBO3fWsVq5iDgtw=="
  "resolved" "https://registry.npmjs.org/untildify/-/untildify-4.0.0.tgz"
  "version" "4.0.0"

"url-exist@2.0.2":
  "integrity" "sha512-JqLjYS8pU9xZtY3ro4c54CztoP5R8qRyMlg2Cxr4M9YD1NCe57MOsZHF1rP3y+qQcc7cqiZBBd4Cu5oehcJRlQ=="
  "resolved" "https://registry.npmjs.org/url-exist/-/url-exist-2.0.2.tgz"
  "version" "2.0.2"
  dependencies:
    "is-url-superb" "^3.0.0"
    "ky" "^0.19.0"
    "ky-universal" "^0.5.0"

"url-regex@^5.0.0":
  "integrity" "sha512-O08GjTiAFNsSlrUWfqF1jH0H1W3m35ZyadHrGv5krdnmPPoxP27oDTqux/579PtaroiSGm5yma6KT1mHFH6Y/g=="
  "resolved" "https://registry.npmjs.org/url-regex/-/url-regex-5.0.0.tgz"
  "version" "5.0.0"
  dependencies:
    "ip-regex" "^4.1.0"
    "tlds" "^1.203.0"

"util-deprecate@~1.0.1":
  "integrity" "sha512-EPD5q1uXyFxJpCrLnCc1nHnq3gOa6DZBocAIiI2TaSCA7VCJ1UJDMagCzIkXNsUYfD1daK//LTEQ8xiIbrHtcw=="
  "resolved" "https://registry.npmjs.org/util-deprecate/-/util-deprecate-1.0.2.tgz"
  "version" "1.0.2"

"util@^0.10.3":
  "integrity" "sha512-0Pm9hTQ3se5ll1XihRic3FDIku70C+iHUdT/W926rSgHV5QgXsYbKZN8MSC3tJtSkhuROzvsQjAaFENRXr+19A=="
  "resolved" "https://registry.npmjs.org/util/-/util-0.10.4.tgz"
  "version" "0.10.4"
  dependencies:
    "inherits" "2.0.3"

"validate-npm-package-name@^4.0.0":
  "integrity" "sha512-mzR0L8ZDktZjpX4OB46KT+56MAhl4EIazWP/+G/HPGuvfdaqg4YsCdtOm6U9+LOFyYDoh4dpnpxZRB9MQQns5Q=="
  "resolved" "https://registry.npmjs.org/validate-npm-package-name/-/validate-npm-package-name-4.0.0.tgz"
  "version" "4.0.0"
  dependencies:
    "builtins" "^5.0.0"

"webidl-conversions@^3.0.0":
  "integrity" "sha512-2JAn3z8AR6rjK8Sm8orRC0h/bcl/DqL7tRPdGZ4I1CjdF+EaMLmYxBHyXuKL849eucPFhvBoxMsflfOb8kxaeQ=="
  "resolved" "https://registry.npmjs.org/webidl-conversions/-/webidl-conversions-3.0.1.tgz"
  "version" "3.0.1"

"whatwg-url@^5.0.0":
  "integrity" "sha512-saE57nupxk6v3HY35+jzBwYa0rKSy0XR8JSxZPwgLr7ys0IBzhGviA1/TUGJLmSVqs8pb9AnvICXEuOHLprYTw=="
  "resolved" "https://registry.npmjs.org/whatwg-url/-/whatwg-url-5.0.0.tgz"
  "version" "5.0.0"
  dependencies:
    "tr46" "~0.0.3"
    "webidl-conversions" "^3.0.0"

"which@^2.0.1":
  "integrity" "sha512-BLI3Tl1TW3Pvl70l3yq3Y64i+awpwXqsGBYWkkqMtnbXgrMD+yj7rhW0kuEDxzJaYXGjEW5ogapKNMEKNMjibA=="
  "resolved" "https://registry.npmjs.org/which/-/which-2.0.2.tgz"
  "version" "2.0.2"
  dependencies:
    "isexe" "^2.0.0"

"wrap-ansi@^7.0.0":
  "integrity" "sha512-YVGIj2kamLSTxw6NsZjoBxfSwsn0ycdesmc4p+Q21c5zPuZ1pl+NfxVdxPtdHvmNVOQ6XSYG4AUtyt/Fi7D16Q=="
  "resolved" "https://registry.npmjs.org/wrap-ansi/-/wrap-ansi-7.0.0.tgz"
  "version" "7.0.0"
  dependencies:
    "ansi-styles" "^4.0.0"
    "string-width" "^4.1.0"
    "strip-ansi" "^6.0.0"

"wrappy@1":
  "integrity" "sha512-l4Sp/DRseor9wL6EvV2+TuQn63dMkPjZ/sp9XkghTEbV9KlPS1xUsZ3u7/IQO4wxtcFB4bgpQPRcR3QCvezPcQ=="
  "resolved" "https://registry.npmjs.org/wrappy/-/wrappy-1.0.2.tgz"
  "version" "1.0.2"

"xtend@~4.0.1":
  "integrity" "sha512-LKYU1iAXJXUgAXn9URjiu+MWhyUXHsvfp7mcuYm9dSUKK0/CjtrUwFAxD82/mCWbtLsGjFIad0wIsod4zrTAEQ=="
  "resolved" "https://registry.npmjs.org/xtend/-/xtend-4.0.2.tgz"
  "version" "4.0.2"

"y18n@^5.0.5":
  "integrity" "sha512-0pfFzegeDWJHJIAmTLRP2DwHjdF5s7jo9tuztdQxAhINCdvS+3nGINqPd00AphqJR/0LhANUS6/+7SCb98YOfA=="
  "resolved" "https://registry.npmjs.org/y18n/-/y18n-5.0.8.tgz"
  "version" "5.0.8"

"yallist@^4.0.0":
  "integrity" "sha512-3wdGidZyq5PB084XLES5TpOSRA3wjXAlIWMhum2kRcv/41Sn2emQ0dycQW4uZXLejwKvg6EsvbdlVL+FYEct7A=="
  "resolved" "https://registry.npmjs.org/yallist/-/yallist-4.0.0.tgz"
  "version" "4.0.0"

"yargs-parser@^20.2.2":
  "integrity" "sha512-y11nGElTIV+CT3Zv9t7VKl+Q3hTQoT9a1Qzezhhl6Rp21gJ/IVTW7Z3y9EWXhuUBC2Shnf+DX0antecpAwSP8w=="
  "resolved" "https://registry.npmjs.org/yargs-parser/-/yargs-parser-20.2.9.tgz"
  "version" "20.2.9"

"yargs@^16.1.0":
  "integrity" "sha512-D1mvvtDG0L5ft/jGWkLpG1+m0eQxOfaBvTNELraWj22wSVUMWxZUvYgJYcKh6jGGIkJFhH4IZPQhR4TKpc8mBw=="
  "resolved" "https://registry.npmjs.org/yargs/-/yargs-16.2.0.tgz"
  "version" "16.2.0"
  dependencies:
    "cliui" "^7.0.2"
    "escalade" "^3.1.1"
    "get-caller-file" "^2.0.5"
    "require-directory" "^2.1.1"
    "string-width" "^4.2.0"
    "y18n" "^5.0.5"
    "yargs-parser" "^20.2.2"
